
Microsoft Visual Studio Solution File, Format Version 12.00
# Visual Studio Version 17
VisualStudioVersion = 17.4.33213.308
MinimumVisualStudioVersion = 10.0.40219.1
Project("{FAE04EC0-301F-11D3-BF4B-00C04F79EFBC}") = "EntityCodeFirst", "EntityCodeFirst\EntityCodeFirst.csproj", "{B09222B1-2F0F-461A-89C4-DE90C57CEE6F}"
EndProject
Global
	GlobalSection(SolutionConfigurationPlatforms) = preSolution
		Debug|Any CPU = Debug|Any CPU
		Release|Any CPU = Release|Any CPU
	EndGlobalSection
	GlobalSection(ProjectConfigurationPlatforms) = postSolution
		{B09222B1-2F0F-461A-89C4-DE90C57CEE6F}.Debug|Any CPU.ActiveCfg = Debug|Any CPU
		{B09222B1-2F0F-461A-89C4-DE90C57CEE6F}.Debug|Any CPU.Build.0 = Debug|Any CPU
		{B09222B1-2F0F-461A-89C4-DE90C57CEE6F}.Release|Any CPU.ActiveCfg = Release|Any CPU
		{B09222B1-2F0F-461A-89C4-DE90C57CEE6F}.Release|Any CPU.Build.0 = Release|Any CPU
	EndGlobalSection
	GlobalSection(SolutionProperties) = preSolution
		HideSolutionNode = FALSE
	EndGlobalSection
	GlobalSection(ExtensibilityGlobals) = postSolution
		SolutionGuid = {00E6AED4-EE1A-4802-9E4E-1FCB01D01D9B}
	EndGlobalSection
EndGlobal
